
Microsoft Visual Studio Solution File, Format Version 12.00
# Visual Studio Version 17
VisualStudioVersion = 17.8.34525.116
MinimumVisualStudioVersion = 10.0.40219.1
Project("{FAE04EC0-301F-11D3-BF4B-00C04F79EFBC}") = "EuropeanContracts", "EuropeanContracts\EuropeanContracts.csproj", "{60955466-8261-4B60-9718-8DB76E5C6059}"
EndProject
Project("{FAE04EC0-301F-11D3-BF4B-00C04F79EFBC}") = "EuropeanContracts.Infrastructure", "EuropeanContracts.Infrastructure\EuropeanContracts.Infrastructure.csproj", "{3DB96282-7E3F-4FD8-9264-FB477177D06F}"
EndProject
Project("{FAE04EC0-301F-11D3-BF4B-00C04F79EFBC}") = "EuropeanContracts.Core", "EuropeanContracts.Core\EuropeanContracts.Core.csproj", "{4BB68F98-DB8B-4B4B-B11F-FC372835D357}"
EndProject
Global
	GlobalSection(SolutionConfigurationPlatforms) = preSolution
		Debug|Any CPU = Debug|Any CPU
		Release|Any CPU = Release|Any CPU
	EndGlobalSection
	GlobalSection(ProjectConfigurationPlatforms) = postSolution
		{60955466-8261-4B60-9718-8DB76E5C6059}.Debug|Any CPU.ActiveCfg = Debug|Any CPU
		{60955466-8261-4B60-9718-8DB76E5C6059}.Debug|Any CPU.Build.0 = Debug|Any CPU
		{60955466-8261-4B60-9718-8DB76E5C6059}.Release|Any CPU.ActiveCfg = Release|Any CPU
		{60955466-8261-4B60-9718-8DB76E5C6059}.Release|Any CPU.Build.0 = Release|Any CPU
		{3DB96282-7E3F-4FD8-9264-FB477177D06F}.Debug|Any CPU.ActiveCfg = Debug|Any CPU
		{3DB96282-7E3F-4FD8-9264-FB477177D06F}.Debug|Any CPU.Build.0 = Debug|Any CPU
		{3DB96282-7E3F-4FD8-9264-FB477177D06F}.Release|Any CPU.ActiveCfg = Release|Any CPU
		{3DB96282-7E3F-4FD8-9264-FB477177D06F}.Release|Any CPU.Build.0 = Release|Any CPU
		{4BB68F98-DB8B-4B4B-B11F-FC372835D357}.Debug|Any CPU.ActiveCfg = Debug|Any CPU
		{4BB68F98-DB8B-4B4B-B11F-FC372835D357}.Debug|Any CPU.Build.0 = Debug|Any CPU
		{4BB68F98-DB8B-4B4B-B11F-FC372835D357}.Release|Any CPU.ActiveCfg = Release|Any CPU
		{4BB68F98-DB8B-4B4B-B11F-FC372835D357}.Release|Any CPU.Build.0 = Release|Any CPU
	EndGlobalSection
	GlobalSection(SolutionProperties) = preSolution
		HideSolutionNode = FALSE
	EndGlobalSection
	GlobalSection(ExtensibilityGlobals) = postSolution
		SolutionGuid = {90987EF1-25F0-45C3-8205-DF0E4B162940}
	EndGlobalSection
EndGlobal
